// !$*UTF8*$!
{
	archiveVersion = 1;
	classes = {
	};
	objectVersion = 50;
	objects = {

/* Begin PBXBuildFile section */
		C79EFA5025CB38A200F4007D /* ListExampleApp.swift in Sources */ = {isa = PBXBuildFile; fileRef = C79EFA4F25CB38A200F4007D /* ListExampleApp.swift */; };
		C79EFA5225CB38A200F4007D /* CatListView.swift in Sources */ = {isa = PBXBuildFile; fileRef = C79EFA5125CB38A200F4007D /* CatListView.swift */; };
		C79EFA5425CB38A600F4007D /* Assets.xcassets in Resources */ = {isa = PBXBuildFile; fileRef = C79EFA5325CB38A600F4007D /* Assets.xcassets */; };
		C79EFA5725CB38A600F4007D /* Preview Assets.xcassets in Resources */ = {isa = PBXBuildFile; fileRef = C79EFA5625CB38A600F4007D /* Preview Assets.xcassets */; };
		C79EFA6425CBE9AD00F4007D /* CatModel.swift in Sources */ = {isa = PBXBuildFile; fileRef = C79EFA6325CBE9AD00F4007D /* CatModel.swift */; };
		C79EFA6725CBE9C500F4007D /* CatDetailView.swift in Sources */ = {isa = PBXBuildFile; fileRef = C79EFA6625CBE9C500F4007D /* CatDetailView.swift */; };
		C79EFA6A25CBEC7400F4007D /* CatListViewModel.swift in Sources */ = {isa = PBXBuildFile; fileRef = C79EFA6925CBEC7400F4007D /* CatListViewModel.swift */; };
/* End PBXBuildFile section */

/* Begin PBXFileReference section */
		C79EFA4C25CB38A200F4007D /* ListExample.app */ = {isa = PBXFileReference; explicitFileType = wrapper.application; includeInIndex = 0; path = ListExample.app; sourceTree = BUILT_PRODUCTS_DIR; };
		C79EFA4F25CB38A200F4007D /* ListExampleApp.swift */ = {isa = PBXFileReference; lastKnownFileType = sourcecode.swift; path = ListExampleApp.swift; sourceTree = "<group>"; };
		C79EFA5125CB38A200F4007D /* CatListView.swift */ = {isa = PBXFileReference; lastKnownFileType = sourcecode.swift; path = CatListView.swift; sourceTree = "<group>"; };
		C79EFA5325CB38A600F4007D /* Assets.xcassets */ = {isa = PBXFileReference; lastKnownFileType = folder.assetcatalog; path = Assets.xcassets; sourceTree = "<group>"; };
		C79EFA5625CB38A600F4007D /* Preview Assets.xcassets */ = {isa = PBXFileReference; lastKnownFileType = folder.assetcatalog; path = "Preview Assets.xcassets"; sourceTree = "<group>"; };
		C79EFA5825CB38A600F4007D /* Info.plist */ = {isa = PBXFileReference; lastKnownFileType = text.plist.xml; path = Info.plist; sourceTree = "<group>"; };
		C79EFA6325CBE9AD00F4007D /* CatModel.swift */ = {isa = PBXFileReference; lastKnownFileType = sourcecode.swift; path = CatModel.swift; sourceTree = "<group>"; };
		C79EFA6625CBE9C500F4007D /* CatDetailView.swift */ = {isa = PBXFileReference; lastKnownFileType = sourcecode.swift; path = CatDetailView.swift; sourceTree = "<group>"; };
		C79EFA6925CBEC7400F4007D /* CatListViewModel.swift */ = {isa = PBXFileReference; lastKnownFileType = sourcecode.swift; path = CatListViewModel.swift; sourceTree = "<group>"; };
/* End PBXFileReference section */

/* Begin PBXFrameworksBuildPhase section */
		C79EFA4925CB38A200F4007D /* Frameworks */ = {
			isa = PBXFrameworksBuildPhase;
			buildActionMask = 2147483647;
			files = (
			);
			runOnlyForDeploymentPostprocessing = 0;
		};
/* End PBXFrameworksBuildPhase section */

/* Begin PBXGroup section */
		C79EFA4325CB38A200F4007D = {
			isa = PBXGroup;
			children = (
				C79EFA4E25CB38A200F4007D /* ListExample */,
				C79EFA4D25CB38A200F4007D /* Products */,
			);
			sourceTree = "<group>";
		};
		C79EFA4D25CB38A200F4007D /* Products */ = {
			isa = PBXGroup;
			children = (
				C79EFA4C25CB38A200F4007D /* ListExample.app */,
			);
			name = Products;
			sourceTree = "<group>";
		};
		C79EFA4E25CB38A200F4007D /* ListExample */ = {
			isa = PBXGroup;
			children = (
				C79EFA4F25CB38A200F4007D /* ListExampleApp.swift */,
				C79EFA6325CBE9AD00F4007D /* CatModel.swift */,
				C79EFA6925CBEC7400F4007D /* CatListViewModel.swift */,
				C79EFA5125CB38A200F4007D /* CatListView.swift */,
				C79EFA6625CBE9C500F4007D /* CatDetailView.swift */,
				C79EFA5325CB38A600F4007D /* Assets.xcassets */,
				C79EFA5825CB38A600F4007D /* Info.plist */,
				C79EFA5525CB38A600F4007D /* Preview Content */,
			);
			path = ListExample;
			sourceTree = "<group>";
		};
		C79EFA5525CB38A600F4007D /* Preview Content */ = {
			isa = PBXGroup;
			children = (
				C79EFA5625CB38A600F4007D /* Preview Assets.xcassets */,
			);
			path = "Preview Content";
			sourceTree = "<group>";
		};
/* End PBXGroup section */

/* Begin PBXNativeTarget section */
		C79EFA4B25CB38A200F4007D /* ListExample */ = {
			isa = PBXNativeTarget;
			buildConfigurationList = C79EFA5B25CB38A600F4007D /* Build configuration list for PBXNativeTarget "ListExample" */;
			buildPhases = (
				C79EFA4825CB38A200F4007D /* Sources */,
				C79EFA4925CB38A200F4007D /* Frameworks */,
				C79EFA4A25CB38A200F4007D /* Resources */,
			);
			buildRules = (
			);
			dependencies = (
			);
			name = ListExample;
			productName = ListExample;
			productReference = C79EFA4C25CB38A200F4007D /* ListExample.app */;
			productType = "com.apple.product-type.application";
		};
/* End PBXNativeTarget section */

/* Begin PBXProject section */
		C79EFA4425CB38A200F4007D /* Project object */ = {
			isa = PBXProject;
			attributes = {
				LastSwiftUpdateCheck = 1240;
				LastUpgradeCheck = 1240;
				TargetAttributes = {
					C79EFA4B25CB38A200F4007D = {
						CreatedOnToolsVersion = 12.4;
					};
				};
			};
			buildConfigurationList = C79EFA4725CB38A200F4007D /* Build configuration list for PBXProject "ListExample" */;
			compatibilityVersion = "Xcode 9.3";
			developmentRegion = en;
			hasScannedForEncodings = 0;
			knownRegions = (
				en,
				Base,
			);
			mainGroup = C79EFA4325CB38A200F4007D;
			productRefGroup = C79EFA4D25CB38A200F4007D /* Products */;
			projectDirPath = "";
			projectRoot = "";
			targets = (
				C79EFA4B25CB38A200F4007D /* ListExample */,
			);
		};
/* End PBXProject section */

/* Begin PBXResourcesBuildPhase section */
		C79EFA4A25CB38A200F4007D /* Resources */ = {
			isa = PBXResourcesBuildPhase;
			buildActionMask = 2147483647;
			files = (
				C79EFA5725CB38A600F4007D /* Preview Assets.xcassets in Resources */,
				C79EFA5425CB38A600F4007D /* Assets.xcassets in Resources */,
			);
			runOnlyForDeploymentPostprocessing = 0;
		};
/* End PBXResourcesBuildPhase section */

/* Begin PBXSourcesBuildPhase section */
		C79EFA4825CB38A200F4007D /* Sources */ = {
			isa = PBXSourcesBuildPhase;
			buildActionMask = 2147483647;
			files = (
				C79EFA5225CB38A200F4007D /* CatListView.swift in Sources */,
				C79EFA6725CBE9C500F4007D /* CatDetailView.swift in Sources */,
				C79EFA5025CB38A200F4007D /* ListExampleApp.swift in Sources */,
				C79EFA6A25CBEC7400F4007D /* CatListViewModel.swift in Sources */,
				C79EFA6425CBE9AD00F4007D /* CatModel.swift in Sources */,
			);
			runOnlyForDeploymentPostprocessing = 0;
		};
/* End PBXSourcesBuildPhase section */

/* Begin XCBuildConfiguration section */
		C79EFA5925CB38A600F4007D /* Debug */ = {
			isa = XCBuildConfiguration;
			buildSettings = {
				ALWAYS_SEARCH_USER_PATHS = NO;
				CLANG_ANALYZER_NONNULL = YES;
				CLANG_ANALYZER_NUMBER_OBJECT_CONVERSION = YES_AGGRESSIVE;
				CLANG_CXX_LANGUAGE_STANDARD = "gnu++14";
				CLANG_CXX_LIBRARY = "libc++";
				CLANG_ENABLE_MODULES = YES;
				CLANG_ENABLE_OBJC_ARC = YES;
				CLANG_ENABLE_OBJC_WEAK = YES;
				CLANG_WARN_BLOCK_CAPTURE_AUTORELEASING = YES;
				CLANG_WARN_BOOL_CONVERSION = YES;
				CLANG_WARN_COMMA = YES;
				CLANG_WARN_CONSTANT_CONVERSION = YES;
				CLANG_WARN_DEPRECATED_OBJC_IMPLEMENTATIONS = YES;
				CLANG_WARN_DIRECT_OBJC_ISA_USAGE = YES_ERROR;
				CLANG_WARN_DOCUMENTATION_COMMENTS = YES;
				CLANG_WARN_EMPTY_BODY = YES;
				CLANG_WARN_ENUM_CONVERSION = YES;
				CLANG_WARN_INFINITE_RECURSION = YES;
				CLANG_WARN_INT_CONVERSION = YES;
				CLANG_WARN_NON_LITERAL_NULL_CONVERSION = YES;
				CLANG_WARN_OBJC_IMPLICIT_RETAIN_SELF = YES;
				CLANG_WARN_OBJC_LITERAL_CONVERSION = YES;
				CLANG_WARN_OBJC_ROOT_CLASS = YES_ERROR;
				CLANG_WARN_QUOTED_INCLUDE_IN_FRAMEWORK_HEADER = YES;
				CLANG_WARN_RANGE_LOOP_ANALYSIS = YES;
				CLANG_WARN_STRICT_PROTOTYPES = YES;
				CLANG_WARN_SUSPICIOUS_MOVE = YES;
				CLANG_WARN_UNGUARDED_AVAILABILITY = YES_AGGRESSIVE;
				CLANG_WARN_UNREACHABLE_CODE = YES;
				CLANG_WARN__DUPLICATE_METHOD_MATCH = YES;
				COPY_PHASE_STRIP = NO;
				DEBUG_INFORMATION_FORMAT = dwarf;
				ENABLE_STRICT_OBJC_MSGSEND = YES;
				ENABLE_TESTABILITY = YES;
				GCC_C_LANGUAGE_STANDARD = gnu11;
				GCC_DYNAMIC_NO_PIC = NO;
				GCC_NO_COMMON_BLOCKS = YES;
				GCC_OPTIMIZATION_LEVEL = 0;
				GCC_PREPROCESSOR_DEFINITIONS = (
					"DEBUG=1",
					"$(inherited)",
				);
				GCC_WARN_64_TO_32_BIT_CONVERSION = YES;
				GCC_WARN_ABOUT_RETURN_TYPE = YES_ERROR;
				GCC_WARN_UNDECLARED_SELECTOR = YES;
				GCC_WARN_UNINITIALIZED_AUTOS = YES_AGGRESSIVE;
				GCC_WARN_UNUSED_FUNCTION = YES;
				GCC_WARN_UNUSED_VARIABLE = YES;
				IPHONEOS_DEPLOYMENT_TARGET = 14.4;
				MTL_ENABLE_DEBUG_INFO = INCLUDE_SOURCE;
				MTL_FAST_MATH = YES;
				ONLY_ACTIVE_ARCH = YES;
				SDKROOT = iphoneos;
				SWIFT_ACTIVE_COMPILATION_CONDITIONS = DEBUG;
				SWIFT_OPTIMIZATION_LEVEL = "-Onone";
			};
			name = Debug;
		};
		C79EFA5A25CB38A600F4007D /* Release */ = {
			isa = XCBuildConfiguration;
			buildSettings = {
				ALWAYS_SEARCH_USER_PATHS = NO;
				CLANG_ANALYZER_NONNULL = YES;
				CLANG_ANALYZER_NUMBER_OBJECT_CONVERSION = YES_AGGRESSIVE;
				CLANG_CXX_LANGUAGE_STANDARD = "gnu++14";
				CLANG_CXX_LIBRARY = "libc++";
				CLANG_ENABLE_MODULES = YES;
				CLANG_ENABLE_OBJC_ARC = YES;
				CLANG_ENABLE_OBJC_WEAK = YES;
				CLANG_WARN_BLOCK_CAPTURE_AUTORELEASING = YES;
				CLANG_WARN_BOOL_CONVERSION = YES;
				CLANG_WARN_COMMA = YES;
				CLANG_WARN_CONSTANT_CONVERSION = YES;
				CLANG_WARN_DEPRECATED_OBJC_IMPLEMENTATIONS = YES;
				CLANG_WARN_DIRECT_OBJC_ISA_USAGE = YES_ERROR;
				CLANG_WARN_DOCUMENTATION_COMMENTS = YES;
				CLANG_WARN_EMPTY_BODY = YES;
				CLANG_WARN_ENUM_CONVERSION = YES;
				CLANG_WARN_INFINITE_RECURSION = YES;
				CLANG_WARN_INT_CONVERSION = YES;
				CLANG_WARN_NON_LITERAL_NULL_CONVERSION = YES;
				CLANG_WARN_OBJC_IMPLICIT_RETAIN_SELF = YES;
				CLANG_WARN_OBJC_LITERAL_CONVERSION = YES;
				CLANG_WARN_OBJC_ROOT_CLASS = YES_ERROR;
				CLANG_WARN_QUOTED_INCLUDE_IN_FRAMEWORK_HEADER = YES;
				CLANG_WARN_RANGE_LOOP_ANALYSIS = YES;
				CLANG_WARN_STRICT_PROTOTYPES = YES;
				CLANG_WARN_SUSPICIOUS_MOVE = YES;
				CLANG_WARN_UNGUARDED_AVAILABILITY = YES_AGGRESSIVE;
				CLANG_WARN_UNREACHABLE_CODE = YES;
				CLANG_WARN__DUPLICATE_METHOD_MATCH = YES;
				COPY_PHASE_STRIP = NO;
				DEBUG_INFORMATION_FORMAT = "dwarf-with-dsym";
				ENABLE_NS_ASSERTIONS = NO;
				ENABLE_STRICT_OBJC_MSGSEND = YES;
				GCC_C_LANGUAGE_STANDARD = gnu11;
				GCC_NO_COMMON_BLOCKS = YES;
				GCC_WARN_64_TO_32_BIT_CONVERSION = YES;
				GCC_WARN_ABOUT_RETURN_TYPE = YES_ERROR;
				GCC_WARN_UNDECLARED_SELECTOR = YES;
				GCC_WARN_UNINITIALIZED_AUTOS = YES_AGGRESSIVE;
				GCC_WARN_UNUSED_FUNCTION = YES;
				GCC_WARN_UNUSED_VARIABLE = YES;
				IPHONEOS_DEPLOYMENT_TARGET = 14.4;
				MTL_ENABLE_DEBUG_INFO = NO;
				MTL_FAST_MATH = YES;
				SDKROOT = iphoneos;
				SWIFT_COMPILATION_MODE = wholemodule;
				SWIFT_OPTIMIZATION_LEVEL = "-O";
				VALIDATE_PRODUCT = YES;
			};
			name = Release;
		};
		C79EFA5C25CB38A600F4007D /* Debug */ = {
			isa = XCBuildConfiguration;
			buildSettings = {
				ASSETCATALOG_COMPILER_APPICON_NAME = AppIcon;
				ASSETCATALOG_COMPILER_GLOBAL_ACCENT_COLOR_NAME = AccentColor;
				CODE_SIGN_STYLE = Automatic;
				DEVELOPMENT_ASSET_PATHS = "\"ListExample/Preview Content\"";
				DEVELOPMENT_TEAM = "";
				ENABLE_PREVIEWS = YES;
				INFOPLIST_FILE = ListExample/Info.plist;
				IPHONEOS_DEPLOYMENT_TARGET = 14.0;
				LD_RUNPATH_SEARCH_PATHS = (
					"$(inherited)",
					"@executable_path/Frameworks",
				);
				PRODUCT_BUNDLE_IDENTIFIER = com.example.ListExample;
				PRODUCT_NAME = "$(TARGET_NAME)";
				SWIFT_VERSION = 5.0;
				TARGETED_DEVICE_FAMILY = "1,2";
			};
			name = Debug;
		};
		C79EFA5D25CB38A600F4007D /* Release */ = {
			isa = XCBuildConfiguration;
			buildSettings = {
				ASSETCATALOG_COMPILER_APPICON_NAME = AppIcon;
				ASSETCATALOG_COMPILER_GLOBAL_ACCENT_COLOR_NAME = AccentColor;
				CODE_SIGN_STYLE = Automatic;
				DEVELOPMENT_ASSET_PATHS = "\"ListExample/Preview Content\"";
				DEVELOPMENT_TEAM = "";
				ENABLE_PREVIEWS = YES;
				INFOPLIST_FILE = ListExample/Info.plist;
				IPHONEOS_DEPLOYMENT_TARGET = 14.0;
				LD_RUNPATH_SEARCH_PATHS = (
					"$(inherited)",
					"@executable_path/Frameworks",
				);
				PRODUCT_BUNDLE_IDENTIFIER = com.example.ListExample;
				PRODUCT_NAME = "$(TARGET_NAME)";
				SWIFT_VERSION = 5.0;
				TARGETED_DEVICE_FAMILY = "1,2";
			};
			name = Release;
		};
/* End XCBuildConfiguration section */

/* Begin XCConfigurationList section */
		C79EFA4725CB38A200F4007D /* Build configuration list for PBXProject "ListExample" */ = {
			isa = XCConfigurationList;
			buildConfigurations = (
				C79EFA5925CB38A600F4007D /* Debug */,
				C79EFA5A25CB38A600F4007D /* Release */,
			);
			defaultConfigurationIsVisible = 0;
			defaultConfigurationName = Release;
		};
		C79EFA5B25CB38A600F4007D /* Build configuration list for PBXNativeTarget "ListExample" */ = {
			isa = XCConfigurationList;
			buildConfigurations = (
				C79EFA5C25CB38A600F4007D /* Debug */,
				C79EFA5D25CB38A600F4007D /* Release */,
			);
			defaultConfigurationIsVisible = 0;
			defaultConfigurationName = Release;
		};
/* End XCConfigurationList section */
	};
	rootObject = C79EFA4425CB38A200F4007D /* Project object */;
}
